
Microsoft Visual Studio Solution File, Format Version 12.00
# Visual Studio Version 17
VisualStudioVersion = 17.5.33516.290
MinimumVisualStudioVersion = 10.0.40219.1
Project("{2150E333-8FDC-42A3-9474-1A3956D46DE8}") = "1. Core", "1. Core", "{2BA76BB8-2BD2-4C79-A1F2-37CFC8637082}"
EndProject
Project("{2150E333-8FDC-42A3-9474-1A3956D46DE8}") = "2. Modules", "2. Modules", "{BE774F10-9AB5-4CA2-AE38-B75E6F908467}"
EndProject
Project("{9A19103F-16F7-4668-BE54-9A1E7A4F7556}") = "HnMicro.Core", "Core\HnMicro.Core\HnMicro.Core.csproj", "{E8251FD3-FF2F-490E-8214-354A6FDDA755}"
EndProject
Project("{9A19103F-16F7-4668-BE54-9A1E7A4F7556}") = "HnMicro.Framework", "Core\HnMicro.Framework\HnMicro.Framework.csproj", "{4E91777B-46A2-4B82-8193-CDBCFD6C2ADE}"
EndProject
Project("{2150E333-8FDC-42A3-9474-1A3956D46DE8}") = "3. UnitTests", "3. UnitTests", "{B96C36D2-C1AD-43B1-822A-DB1EBD8A8E4A}"
EndProject
Project("{2150E333-8FDC-42A3-9474-1A3956D46DE8}") = "5.2. Modules", "5.2. Modules", "{B26D34E8-608F-4861-A964-40564E5FF23B}"
EndProject
Project("{2150E333-8FDC-42A3-9474-1A3956D46DE8}") = "5.1. Core", "5.1. Core", "{716E7667-495B-42FC-88F5-7FC2C7744FFF}"
EndProject
Project("{9A19103F-16F7-4668-BE54-9A1E7A4F7556}") = "HnMicro.Framework.Data", "Core\HnMicro.Framework.Data\HnMicro.Framework.Data.csproj", "{C2E05D34-C6AB-44A3-A014-F97F9A51D6D1}"
EndProject
Project("{9A19103F-16F7-4668-BE54-9A1E7A4F7556}") = "HnMicro.Framework.UnitTests", "Core\HnMicro.Framework.UnitTests\HnMicro.Framework.UnitTests.csproj", "{6468ACD0-F8D8-456C-9479-7A068684C39E}"
EndProject
Project("{2150E333-8FDC-42A3-9474-1A3956D46DE8}") = "5.3. Services", "5.3. Services", "{5A8BFD92-1EB6-4EAA-ADF1-ACD883BB73B8}"
EndProject
Project("{9A19103F-16F7-4668-BE54-9A1E7A4F7556}") = "HnMicro.Core.UnitTests", "UnitTests\Core\HnMicro.Core.UnitTests\HnMicro.Core.UnitTests.csproj", "{AB12F04E-723B-44E3-A896-9E7D559BBD59}"
EndProject
Project("{9A19103F-16F7-4668-BE54-9A1E7A4F7556}") = "HnMicro.Modules.InMemory", "Modules\HnMicro.Modules.InMemory\HnMicro.Modules.InMemory.csproj", "{A9AC5571-83BC-49C0-9198-FBD6913FDE16}"
EndProject
Project("{9A19103F-16F7-4668-BE54-9A1E7A4F7556}") = "HnMicro.UnitTests.Modules.InMemory", "UnitTests\Modules\HnMicro.UnitTests.Modules.InMemory\HnMicro.UnitTests.Modules.InMemory.csproj", "{5B3AF61A-64B8-4441-9C72-2383A853BF85}"
EndProject
Project("{9A19103F-16F7-4668-BE54-9A1E7A4F7556}") = "HnMicro.Modules.EntityFrameworkCore", "Modules\HnMicro.Modules.EntityFrameworkCore\HnMicro.Modules.EntityFrameworkCore.csproj", "{9CEB8DEA-675C-405D-AEB7-D2888FDE344B}"
EndProject
Project("{2150E333-8FDC-42A3-9474-1A3956D46DE8}") = "EntityFrameworkCore", "EntityFrameworkCore", "{81D9079B-FF70-4CE3-B5F3-AF336342DF0C}"
EndProject
Project("{2150E333-8FDC-42A3-9474-1A3956D46DE8}") = "InMemory", "InMemory", "{CEAD5594-18D7-4CE6-8B57-1F2B9AEB7394}"
EndProject
Project("{9A19103F-16F7-4668-BE54-9A1E7A4F7556}") = "HnMicro.Modules.EntityFrameworkCore.SqlServer", "Modules\HnMicro.Modules.EntityFrameworkCore.SqlServer\HnMicro.Modules.EntityFrameworkCore.SqlServer.csproj", "{7F4F073A-D648-4C23-88B9-94651B4E4912}"
EndProject
Project("{2150E333-8FDC-42A3-9474-1A3956D46DE8}") = "5. Projects", "5. Projects", "{23DD3A9C-AEBC-4E8F-9EF4-AA6236C6C42D}"
EndProject
Project("{2150E333-8FDC-42A3-9474-1A3956D46DE8}") = "5.1. Lottery", "5.1. Lottery", "{B347CD93-33C0-4635-9DC8-235742ABDAFE}"
EndProject
Project("{2150E333-8FDC-42A3-9474-1A3956D46DE8}") = "4. Common Services", "4. Common Services", "{608A21B7-C66D-4CB0-837B-350522712E46}"
EndProject
Project("{2150E333-8FDC-42A3-9474-1A3956D46DE8}") = "5.1.2. Agent", "5.1.2. Agent", "{00883130-F3B9-4408-9577-A3C0DF12DF60}"
EndProject
Project("{2150E333-8FDC-42A3-9474-1A3956D46DE8}") = "5.1.3. Player", "5.1.3. Player", "{50E2C405-3015-488E-B3C6-BDE5AC0E5CCB}"
EndProject
Project("{2150E333-8FDC-42A3-9474-1A3956D46DE8}") = "5.1.1. Core", "5.1.1. Core", "{113FBE7A-4766-4857-A388-FEA8178909CE}"
EndProject
Project("{2150E333-8FDC-42A3-9474-1A3956D46DE8}") = "AuthenticationService", "AuthenticationService", "{FDC7DCA4-A040-44D9-B262-8B26A276F051}"
EndProject
Project("{9A19103F-16F7-4668-BE54-9A1E7A4F7556}") = "Lottery.Agent.AuthenticationService", "Projects\Lottery\Agent\AuthenticationService\Lottery.Agent.AuthenticationService\Lottery.Agent.AuthenticationService.csproj", "{D05F5ACF-2F14-4866-99E6-B5EF6F99F868}"
EndProject
Project("{2150E333-8FDC-42A3-9474-1A3956D46DE8}") = "AgentService", "AgentService", "{3888AC25-B0F1-4585-A1F3-F2E7A3FCBC64}"
EndProject
Project("{2150E333-8FDC-42A3-9474-1A3956D46DE8}") = "AuthenticationService", "AuthenticationService", "{A5F00212-F38B-471D-A2F8-4291669E633F}"
EndProject
Project("{2150E333-8FDC-42A3-9474-1A3956D46DE8}") = "PlayerService", "PlayerService", "{1ABFBC7F-B10E-479C-B52A-3B72DBB36543}"
EndProject
Project("{9A19103F-16F7-4668-BE54-9A1E7A4F7556}") = "Lottery.Core", "Projects\Lottery\Core\Lottery.Core\Lottery.Core.csproj", "{0B6C04B9-4560-4F98-9AF5-999F2B8E48DD}"
EndProject
Project("{9A19103F-16F7-4668-BE54-9A1E7A4F7556}") = "Lottery.Data", "Projects\Lottery\Core\Lottery.Data\Lottery.Data.csproj", "{B0F64994-492E-4A5D-9005-83AAA9B80AC1}"
EndProject
Project("{2150E333-8FDC-42A3-9474-1A3956D46DE8}") = "Solution Items", "Solution Items", "{D6526B2B-D3E9-485D-AB22-C63DA37252BE}"
	ProjectSection(SolutionItems) = preProject
		README.txt = README.txt
	EndProjectSection
EndProject
Project("{9A19103F-16F7-4668-BE54-9A1E7A4F7556}") = "Lottery.Agent.AgentService", "Projects\Lottery\Agent\AgentService\Lottery.Agent.AgentService\Lottery.Agent.AgentService.csproj", "{7367A75D-84AF-4C52-8CDF-1E24945CF2D9}"
EndProject
Project("{2150E333-8FDC-42A3-9474-1A3956D46DE8}") = "Caching", "Caching", "{05F6DB06-30C4-45DF-A207-2399930A3D55}"
EndProject
Project("{9A19103F-16F7-4668-BE54-9A1E7A4F7556}") = "HnMicro.Module.Caching.ByRedis", "Modules\Caching\HnMicro.Module.Caching.ByRedis\HnMicro.Module.Caching.ByRedis.csproj", "{056443C8-8213-424E-9C7D-6A6AA20184E3}"
EndProject
Project("{9A19103F-16F7-4668-BE54-9A1E7A4F7556}") = "HnMicro.Modules.InMemory.Core", "Modules\HnMicro.Modules.InMemory.Core\HnMicro.Modules.InMemory.Core.csproj", "{C2D65940-E45B-4780-B799-6020E842B6B6}"
EndProject
Project("{9A19103F-16F7-4668-BE54-9A1E7A4F7556}") = "Lottery.Player.AuthenticationService", "Projects\Lottery\Player\AuthenticationService\Lottery.Player.AuthenticationService\Lottery.Player.AuthenticationService.csproj", "{0AA50D4F-D4F7-4BDB-8B87-33BC13E8B0F2}"
EndProject
Project("{2150E333-8FDC-42A3-9474-1A3956D46DE8}") = "5.1.4. Ticket", "5.1.4. Ticket", "{0D168086-3F41-47E5-965C-6A140002883F}"
EndProject
Project("{9A19103F-16F7-4668-BE54-9A1E7A4F7556}") = "Lottery.Ticket.TicketService", "Projects\Lottery\Ticket\Lottery.Ticket.TicketService\Lottery.Ticket.TicketService.csproj", "{A14D9302-36BB-4EEE-B99A-B831D078B408}"
EndProject
Project("{2150E333-8FDC-42A3-9474-1A3956D46DE8}") = "OddsService", "OddsService", "{352EC591-FE74-4BB8-8174-C91007020C89}"
EndProject
Project("{9A19103F-16F7-4668-BE54-9A1E7A4F7556}") = "Lottery.Player.PlayerService", "Projects\Lottery\Player\PlayerService\Lottery.Player.PlayerService\Lottery.Player.PlayerService.csproj", "{3792D0FC-5AB1-4458-8F50-2CBF258D03E9}"
EndProject
Project("{9A19103F-16F7-4668-BE54-9A1E7A4F7556}") = "HnMicro.Framework.Caching", "Core\HnMicro.Framework.Caching\HnMicro.Framework.Caching.csproj", "{BA32D240-FED2-44E6-9903-204108095CAC}"
EndProject
Project("{2150E333-8FDC-42A3-9474-1A3956D46DE8}") = "5.1.5. Match", "5.1.5. Match", "{9BB87635-1843-484B-8177-BB75F33A5A6B}"
EndProject
Project("{9A19103F-16F7-4668-BE54-9A1E7A4F7556}") = "Lottery.Match.MatchService", "Projects\Lottery\Match\Lottery.Match.MatchService\Lottery.Match.MatchService.csproj", "{E63AEF62-A5F8-4DB4-BD78-59EEA9C8A310}"
EndProject
Project("{2150E333-8FDC-42A3-9474-1A3956D46DE8}") = "LoggerService", "LoggerService", "{8C4971EE-8119-4310-BA77-1092A3B7C24B}"
EndProject
Project("{9A19103F-16F7-4668-BE54-9A1E7A4F7556}") = "HnMicro.Modules.LoggerService", "Modules\LoggerService\HnMicro.Modules.LoggerService\HnMicro.Modules.LoggerService.csproj", "{42534FCD-8205-4631-8E04-EC0EF70C48AC}"
EndProject
Project("{9A19103F-16F7-4668-BE54-9A1E7A4F7556}") = "HnMicro.Modules.LoggerService.SqlProvider", "Modules\LoggerService\HnMicro.Modules.LoggerService.SqlProvider\HnMicro.Modules.LoggerService.SqlProvider.csproj", "{B49C522F-C3B3-443F-B509-B1DACF18C427}"
EndProject
Project("{2150E333-8FDC-42A3-9474-1A3956D46DE8}") = "LoggerService", "LoggerService", "{5FEF3764-2BCE-4A1E-9DE0-7555F3DD834B}"
EndProject
Project("{9A19103F-16F7-4668-BE54-9A1E7A4F7556}") = "HnMicro.LoggerService", "Common Services\LoggerService\HnMicro.LoggerService\HnMicro.LoggerService.csproj", "{81D7F388-57F9-4C41-9CFE-A82EFEEB9074}"
EndProject
Project("{9A19103F-16F7-4668-BE54-9A1E7A4F7556}") = "HnMicro.Framework.Logger", "Core\HnMicro.Framework.Logger\HnMicro.Framework.Logger.csproj", "{5F3FA744-C765-4A2E-A0DF-22620C27C828}"
EndProject
Project("{9A19103F-16F7-4668-BE54-9A1E7A4F7556}") = "Lottery.Player.OddsService", "Projects\Lottery\Player\OddsService\Lottery.Player.OddsService\Lottery.Player.OddsService.csproj", "{2C3847B1-00AE-481F-8DB7-98C579368BD1}"
EndProject
Project("{2150E333-8FDC-42A3-9474-1A3956D46DE8}") = "5.1.6. Tools", "5.1.6. Tools", "{02A7FCE3-F2A6-4F9D-9725-A4717903AD35}"
EndProject
Project("{FAE04EC0-301F-11D3-BF4B-00C04F79EFBC}") = "Lottery.Tools.AdjustOddsService", "Projects\Lottery\Tools\Lottery.Tools.AdjustOddsService\Lottery.Tools.AdjustOddsService.csproj", "{A75ED866-2EDB-470B-9F97-B767DC4DE415}"
EndProject
Global
	GlobalSection(SolutionConfigurationPlatforms) = preSolution
		Debug|Any CPU = Debug|Any CPU
		Release|Any CPU = Release|Any CPU
	EndGlobalSection
	GlobalSection(ProjectConfigurationPlatforms) = postSolution
		{E8251FD3-FF2F-490E-8214-354A6FDDA755}.Debug|Any CPU.ActiveCfg = Debug|Any CPU
		{E8251FD3-FF2F-490E-8214-354A6FDDA755}.Debug|Any CPU.Build.0 = Debug|Any CPU
		{E8251FD3-FF2F-490E-8214-354A6FDDA755}.Release|Any CPU.ActiveCfg = Release|Any CPU
		{E8251FD3-FF2F-490E-8214-354A6FDDA755}.Release|Any CPU.Build.0 = Release|Any CPU
		{4E91777B-46A2-4B82-8193-CDBCFD6C2ADE}.Debug|Any CPU.ActiveCfg = Debug|Any CPU
		{4E91777B-46A2-4B82-8193-CDBCFD6C2ADE}.Debug|Any CPU.Build.0 = Debug|Any CPU
		{4E91777B-46A2-4B82-8193-CDBCFD6C2ADE}.Release|Any CPU.ActiveCfg = Release|Any CPU
		{4E91777B-46A2-4B82-8193-CDBCFD6C2ADE}.Release|Any CPU.Build.0 = Release|Any CPU
		{C2E05D34-C6AB-44A3-A014-F97F9A51D6D1}.Debug|Any CPU.ActiveCfg = Debug|Any CPU
		{C2E05D34-C6AB-44A3-A014-F97F9A51D6D1}.Debug|Any CPU.Build.0 = Debug|Any CPU
		{C2E05D34-C6AB-44A3-A014-F97F9A51D6D1}.Release|Any CPU.ActiveCfg = Release|Any CPU
		{C2E05D34-C6AB-44A3-A014-F97F9A51D6D1}.Release|Any CPU.Build.0 = Release|Any CPU
		{6468ACD0-F8D8-456C-9479-7A068684C39E}.Debug|Any CPU.ActiveCfg = Debug|Any CPU
		{6468ACD0-F8D8-456C-9479-7A068684C39E}.Debug|Any CPU.Build.0 = Debug|Any CPU
		{6468ACD0-F8D8-456C-9479-7A068684C39E}.Release|Any CPU.ActiveCfg = Release|Any CPU
		{6468ACD0-F8D8-456C-9479-7A068684C39E}.Release|Any CPU.Build.0 = Release|Any CPU
		{AB12F04E-723B-44E3-A896-9E7D559BBD59}.Debug|Any CPU.ActiveCfg = Debug|Any CPU
		{AB12F04E-723B-44E3-A896-9E7D559BBD59}.Debug|Any CPU.Build.0 = Debug|Any CPU
		{AB12F04E-723B-44E3-A896-9E7D559BBD59}.Release|Any CPU.ActiveCfg = Release|Any CPU
		{AB12F04E-723B-44E3-A896-9E7D559BBD59}.Release|Any CPU.Build.0 = Release|Any CPU
		{A9AC5571-83BC-49C0-9198-FBD6913FDE16}.Debug|Any CPU.ActiveCfg = Debug|Any CPU
		{A9AC5571-83BC-49C0-9198-FBD6913FDE16}.Debug|Any CPU.Build.0 = Debug|Any CPU
		{A9AC5571-83BC-49C0-9198-FBD6913FDE16}.Release|Any CPU.ActiveCfg = Release|Any CPU
		{A9AC5571-83BC-49C0-9198-FBD6913FDE16}.Release|Any CPU.Build.0 = Release|Any CPU
		{5B3AF61A-64B8-4441-9C72-2383A853BF85}.Debug|Any CPU.ActiveCfg = Debug|Any CPU
		{5B3AF61A-64B8-4441-9C72-2383A853BF85}.Debug|Any CPU.Build.0 = Debug|Any CPU
		{5B3AF61A-64B8-4441-9C72-2383A853BF85}.Release|Any CPU.ActiveCfg = Release|Any CPU
		{5B3AF61A-64B8-4441-9C72-2383A853BF85}.Release|Any CPU.Build.0 = Release|Any CPU
		{9CEB8DEA-675C-405D-AEB7-D2888FDE344B}.Debug|Any CPU.ActiveCfg = Debug|Any CPU
		{9CEB8DEA-675C-405D-AEB7-D2888FDE344B}.Debug|Any CPU.Build.0 = Debug|Any CPU
		{9CEB8DEA-675C-405D-AEB7-D2888FDE344B}.Release|Any CPU.ActiveCfg = Release|Any CPU
		{9CEB8DEA-675C-405D-AEB7-D2888FDE344B}.Release|Any CPU.Build.0 = Release|Any CPU
		{7F4F073A-D648-4C23-88B9-94651B4E4912}.Debug|Any CPU.ActiveCfg = Debug|Any CPU
		{7F4F073A-D648-4C23-88B9-94651B4E4912}.Debug|Any CPU.Build.0 = Debug|Any CPU
		{7F4F073A-D648-4C23-88B9-94651B4E4912}.Release|Any CPU.ActiveCfg = Release|Any CPU
		{7F4F073A-D648-4C23-88B9-94651B4E4912}.Release|Any CPU.Build.0 = Release|Any CPU
		{D05F5ACF-2F14-4866-99E6-B5EF6F99F868}.Debug|Any CPU.ActiveCfg = Debug|Any CPU
		{D05F5ACF-2F14-4866-99E6-B5EF6F99F868}.Debug|Any CPU.Build.0 = Debug|Any CPU
		{D05F5ACF-2F14-4866-99E6-B5EF6F99F868}.Release|Any CPU.ActiveCfg = Release|Any CPU
		{D05F5ACF-2F14-4866-99E6-B5EF6F99F868}.Release|Any CPU.Build.0 = Release|Any CPU
		{0B6C04B9-4560-4F98-9AF5-999F2B8E48DD}.Debug|Any CPU.ActiveCfg = Debug|Any CPU
		{0B6C04B9-4560-4F98-9AF5-999F2B8E48DD}.Debug|Any CPU.Build.0 = Debug|Any CPU
		{0B6C04B9-4560-4F98-9AF5-999F2B8E48DD}.Release|Any CPU.ActiveCfg = Release|Any CPU
		{0B6C04B9-4560-4F98-9AF5-999F2B8E48DD}.Release|Any CPU.Build.0 = Release|Any CPU
		{B0F64994-492E-4A5D-9005-83AAA9B80AC1}.Debug|Any CPU.ActiveCfg = Debug|Any CPU
		{B0F64994-492E-4A5D-9005-83AAA9B80AC1}.Debug|Any CPU.Build.0 = Debug|Any CPU
		{B0F64994-492E-4A5D-9005-83AAA9B80AC1}.Release|Any CPU.ActiveCfg = Release|Any CPU
		{B0F64994-492E-4A5D-9005-83AAA9B80AC1}.Release|Any CPU.Build.0 = Release|Any CPU
		{7367A75D-84AF-4C52-8CDF-1E24945CF2D9}.Debug|Any CPU.ActiveCfg = Debug|Any CPU
		{7367A75D-84AF-4C52-8CDF-1E24945CF2D9}.Debug|Any CPU.Build.0 = Debug|Any CPU
		{7367A75D-84AF-4C52-8CDF-1E24945CF2D9}.Release|Any CPU.ActiveCfg = Release|Any CPU
		{7367A75D-84AF-4C52-8CDF-1E24945CF2D9}.Release|Any CPU.Build.0 = Release|Any CPU
		{056443C8-8213-424E-9C7D-6A6AA20184E3}.Debug|Any CPU.ActiveCfg = Debug|Any CPU
		{056443C8-8213-424E-9C7D-6A6AA20184E3}.Debug|Any CPU.Build.0 = Debug|Any CPU
		{056443C8-8213-424E-9C7D-6A6AA20184E3}.Release|Any CPU.ActiveCfg = Release|Any CPU
		{056443C8-8213-424E-9C7D-6A6AA20184E3}.Release|Any CPU.Build.0 = Release|Any CPU
		{C2D65940-E45B-4780-B799-6020E842B6B6}.Debug|Any CPU.ActiveCfg = Debug|Any CPU
		{C2D65940-E45B-4780-B799-6020E842B6B6}.Debug|Any CPU.Build.0 = Debug|Any CPU
		{C2D65940-E45B-4780-B799-6020E842B6B6}.Release|Any CPU.ActiveCfg = Release|Any CPU
		{C2D65940-E45B-4780-B799-6020E842B6B6}.Release|Any CPU.Build.0 = Release|Any CPU
		{0AA50D4F-D4F7-4BDB-8B87-33BC13E8B0F2}.Debug|Any CPU.ActiveCfg = Debug|Any CPU
		{0AA50D4F-D4F7-4BDB-8B87-33BC13E8B0F2}.Debug|Any CPU.Build.0 = Debug|Any CPU
		{0AA50D4F-D4F7-4BDB-8B87-33BC13E8B0F2}.Release|Any CPU.ActiveCfg = Release|Any CPU
		{0AA50D4F-D4F7-4BDB-8B87-33BC13E8B0F2}.Release|Any CPU.Build.0 = Release|Any CPU
		{A14D9302-36BB-4EEE-B99A-B831D078B408}.Debug|Any CPU.ActiveCfg = Debug|Any CPU
		{A14D9302-36BB-4EEE-B99A-B831D078B408}.Debug|Any CPU.Build.0 = Debug|Any CPU
		{A14D9302-36BB-4EEE-B99A-B831D078B408}.Release|Any CPU.ActiveCfg = Release|Any CPU
		{A14D9302-36BB-4EEE-B99A-B831D078B408}.Release|Any CPU.Build.0 = Release|Any CPU
		{3792D0FC-5AB1-4458-8F50-2CBF258D03E9}.Debug|Any CPU.ActiveCfg = Debug|Any CPU
		{3792D0FC-5AB1-4458-8F50-2CBF258D03E9}.Debug|Any CPU.Build.0 = Debug|Any CPU
		{3792D0FC-5AB1-4458-8F50-2CBF258D03E9}.Release|Any CPU.ActiveCfg = Release|Any CPU
		{3792D0FC-5AB1-4458-8F50-2CBF258D03E9}.Release|Any CPU.Build.0 = Release|Any CPU
		{BA32D240-FED2-44E6-9903-204108095CAC}.Debug|Any CPU.ActiveCfg = Debug|Any CPU
		{BA32D240-FED2-44E6-9903-204108095CAC}.Debug|Any CPU.Build.0 = Debug|Any CPU
		{BA32D240-FED2-44E6-9903-204108095CAC}.Release|Any CPU.ActiveCfg = Release|Any CPU
		{BA32D240-FED2-44E6-9903-204108095CAC}.Release|Any CPU.Build.0 = Release|Any CPU
		{E63AEF62-A5F8-4DB4-BD78-59EEA9C8A310}.Debug|Any CPU.ActiveCfg = Debug|Any CPU
		{E63AEF62-A5F8-4DB4-BD78-59EEA9C8A310}.Debug|Any CPU.Build.0 = Debug|Any CPU
		{E63AEF62-A5F8-4DB4-BD78-59EEA9C8A310}.Release|Any CPU.ActiveCfg = Release|Any CPU
		{E63AEF62-A5F8-4DB4-BD78-59EEA9C8A310}.Release|Any CPU.Build.0 = Release|Any CPU
		{42534FCD-8205-4631-8E04-EC0EF70C48AC}.Debug|Any CPU.ActiveCfg = Debug|Any CPU
		{42534FCD-8205-4631-8E04-EC0EF70C48AC}.Debug|Any CPU.Build.0 = Debug|Any CPU
		{42534FCD-8205-4631-8E04-EC0EF70C48AC}.Release|Any CPU.ActiveCfg = Release|Any CPU
		{42534FCD-8205-4631-8E04-EC0EF70C48AC}.Release|Any CPU.Build.0 = Release|Any CPU
		{B49C522F-C3B3-443F-B509-B1DACF18C427}.Debug|Any CPU.ActiveCfg = Debug|Any CPU
		{B49C522F-C3B3-443F-B509-B1DACF18C427}.Debug|Any CPU.Build.0 = Debug|Any CPU
		{B49C522F-C3B3-443F-B509-B1DACF18C427}.Release|Any CPU.ActiveCfg = Release|Any CPU
		{B49C522F-C3B3-443F-B509-B1DACF18C427}.Release|Any CPU.Build.0 = Release|Any CPU
		{81D7F388-57F9-4C41-9CFE-A82EFEEB9074}.Debug|Any CPU.ActiveCfg = Debug|Any CPU
		{81D7F388-57F9-4C41-9CFE-A82EFEEB9074}.Debug|Any CPU.Build.0 = Debug|Any CPU
		{81D7F388-57F9-4C41-9CFE-A82EFEEB9074}.Release|Any CPU.ActiveCfg = Release|Any CPU
		{81D7F388-57F9-4C41-9CFE-A82EFEEB9074}.Release|Any CPU.Build.0 = Release|Any CPU
		{5F3FA744-C765-4A2E-A0DF-22620C27C828}.Debug|Any CPU.ActiveCfg = Debug|Any CPU
		{5F3FA744-C765-4A2E-A0DF-22620C27C828}.Debug|Any CPU.Build.0 = Debug|Any CPU
		{5F3FA744-C765-4A2E-A0DF-22620C27C828}.Release|Any CPU.ActiveCfg = Release|Any CPU
		{5F3FA744-C765-4A2E-A0DF-22620C27C828}.Release|Any CPU.Build.0 = Release|Any CPU
		{2C3847B1-00AE-481F-8DB7-98C579368BD1}.Debug|Any CPU.ActiveCfg = Debug|Any CPU
		{2C3847B1-00AE-481F-8DB7-98C579368BD1}.Debug|Any CPU.Build.0 = Debug|Any CPU
		{2C3847B1-00AE-481F-8DB7-98C579368BD1}.Release|Any CPU.ActiveCfg = Release|Any CPU
		{2C3847B1-00AE-481F-8DB7-98C579368BD1}.Release|Any CPU.Build.0 = Release|Any CPU
		{A75ED866-2EDB-470B-9F97-B767DC4DE415}.Debug|Any CPU.ActiveCfg = Debug|Any CPU
		{A75ED866-2EDB-470B-9F97-B767DC4DE415}.Debug|Any CPU.Build.0 = Debug|Any CPU
		{A75ED866-2EDB-470B-9F97-B767DC4DE415}.Release|Any CPU.ActiveCfg = Release|Any CPU
		{A75ED866-2EDB-470B-9F97-B767DC4DE415}.Release|Any CPU.Build.0 = Release|Any CPU
	EndGlobalSection
	GlobalSection(SolutionProperties) = preSolution
		HideSolutionNode = FALSE
	EndGlobalSection
	GlobalSection(NestedProjects) = preSolution
		{E8251FD3-FF2F-490E-8214-354A6FDDA755} = {2BA76BB8-2BD2-4C79-A1F2-37CFC8637082}
		{4E91777B-46A2-4B82-8193-CDBCFD6C2ADE} = {2BA76BB8-2BD2-4C79-A1F2-37CFC8637082}
		{B26D34E8-608F-4861-A964-40564E5FF23B} = {B96C36D2-C1AD-43B1-822A-DB1EBD8A8E4A}
		{716E7667-495B-42FC-88F5-7FC2C7744FFF} = {B96C36D2-C1AD-43B1-822A-DB1EBD8A8E4A}
		{C2E05D34-C6AB-44A3-A014-F97F9A51D6D1} = {2BA76BB8-2BD2-4C79-A1F2-37CFC8637082}
		{6468ACD0-F8D8-456C-9479-7A068684C39E} = {2BA76BB8-2BD2-4C79-A1F2-37CFC8637082}
		{5A8BFD92-1EB6-4EAA-ADF1-ACD883BB73B8} = {B96C36D2-C1AD-43B1-822A-DB1EBD8A8E4A}
		{AB12F04E-723B-44E3-A896-9E7D559BBD59} = {716E7667-495B-42FC-88F5-7FC2C7744FFF}
		{A9AC5571-83BC-49C0-9198-FBD6913FDE16} = {CEAD5594-18D7-4CE6-8B57-1F2B9AEB7394}
		{5B3AF61A-64B8-4441-9C72-2383A853BF85} = {B26D34E8-608F-4861-A964-40564E5FF23B}
		{9CEB8DEA-675C-405D-AEB7-D2888FDE344B} = {81D9079B-FF70-4CE3-B5F3-AF336342DF0C}
		{81D9079B-FF70-4CE3-B5F3-AF336342DF0C} = {BE774F10-9AB5-4CA2-AE38-B75E6F908467}
		{CEAD5594-18D7-4CE6-8B57-1F2B9AEB7394} = {BE774F10-9AB5-4CA2-AE38-B75E6F908467}
		{7F4F073A-D648-4C23-88B9-94651B4E4912} = {81D9079B-FF70-4CE3-B5F3-AF336342DF0C}
		{B347CD93-33C0-4635-9DC8-235742ABDAFE} = {23DD3A9C-AEBC-4E8F-9EF4-AA6236C6C42D}
		{00883130-F3B9-4408-9577-A3C0DF12DF60} = {B347CD93-33C0-4635-9DC8-235742ABDAFE}
		{50E2C405-3015-488E-B3C6-BDE5AC0E5CCB} = {B347CD93-33C0-4635-9DC8-235742ABDAFE}
		{113FBE7A-4766-4857-A388-FEA8178909CE} = {B347CD93-33C0-4635-9DC8-235742ABDAFE}
		{FDC7DCA4-A040-44D9-B262-8B26A276F051} = {00883130-F3B9-4408-9577-A3C0DF12DF60}
		{D05F5ACF-2F14-4866-99E6-B5EF6F99F868} = {FDC7DCA4-A040-44D9-B262-8B26A276F051}
		{3888AC25-B0F1-4585-A1F3-F2E7A3FCBC64} = {00883130-F3B9-4408-9577-A3C0DF12DF60}
		{A5F00212-F38B-471D-A2F8-4291669E633F} = {50E2C405-3015-488E-B3C6-BDE5AC0E5CCB}
		{1ABFBC7F-B10E-479C-B52A-3B72DBB36543} = {50E2C405-3015-488E-B3C6-BDE5AC0E5CCB}
		{0B6C04B9-4560-4F98-9AF5-999F2B8E48DD} = {113FBE7A-4766-4857-A388-FEA8178909CE}
		{B0F64994-492E-4A5D-9005-83AAA9B80AC1} = {113FBE7A-4766-4857-A388-FEA8178909CE}
		{7367A75D-84AF-4C52-8CDF-1E24945CF2D9} = {3888AC25-B0F1-4585-A1F3-F2E7A3FCBC64}
		{05F6DB06-30C4-45DF-A207-2399930A3D55} = {BE774F10-9AB5-4CA2-AE38-B75E6F908467}
		{056443C8-8213-424E-9C7D-6A6AA20184E3} = {05F6DB06-30C4-45DF-A207-2399930A3D55}
		{C2D65940-E45B-4780-B799-6020E842B6B6} = {CEAD5594-18D7-4CE6-8B57-1F2B9AEB7394}
		{0AA50D4F-D4F7-4BDB-8B87-33BC13E8B0F2} = {A5F00212-F38B-471D-A2F8-4291669E633F}
		{0D168086-3F41-47E5-965C-6A140002883F} = {B347CD93-33C0-4635-9DC8-235742ABDAFE}
		{A14D9302-36BB-4EEE-B99A-B831D078B408} = {0D168086-3F41-47E5-965C-6A140002883F}
		{352EC591-FE74-4BB8-8174-C91007020C89} = {50E2C405-3015-488E-B3C6-BDE5AC0E5CCB}
		{3792D0FC-5AB1-4458-8F50-2CBF258D03E9} = {1ABFBC7F-B10E-479C-B52A-3B72DBB36543}
		{BA32D240-FED2-44E6-9903-204108095CAC} = {2BA76BB8-2BD2-4C79-A1F2-37CFC8637082}
		{9BB87635-1843-484B-8177-BB75F33A5A6B} = {B347CD93-33C0-4635-9DC8-235742ABDAFE}
		{E63AEF62-A5F8-4DB4-BD78-59EEA9C8A310} = {9BB87635-1843-484B-8177-BB75F33A5A6B}
		{8C4971EE-8119-4310-BA77-1092A3B7C24B} = {BE774F10-9AB5-4CA2-AE38-B75E6F908467}
		{42534FCD-8205-4631-8E04-EC0EF70C48AC} = {8C4971EE-8119-4310-BA77-1092A3B7C24B}
		{B49C522F-C3B3-443F-B509-B1DACF18C427} = {8C4971EE-8119-4310-BA77-1092A3B7C24B}
		{5FEF3764-2BCE-4A1E-9DE0-7555F3DD834B} = {608A21B7-C66D-4CB0-837B-350522712E46}
		{81D7F388-57F9-4C41-9CFE-A82EFEEB9074} = {5FEF3764-2BCE-4A1E-9DE0-7555F3DD834B}
		{5F3FA744-C765-4A2E-A0DF-22620C27C828} = {2BA76BB8-2BD2-4C79-A1F2-37CFC8637082}
		{2C3847B1-00AE-481F-8DB7-98C579368BD1} = {352EC591-FE74-4BB8-8174-C91007020C89}
		{02A7FCE3-F2A6-4F9D-9725-A4717903AD35} = {B347CD93-33C0-4635-9DC8-235742ABDAFE}
		{A75ED866-2EDB-470B-9F97-B767DC4DE415} = {02A7FCE3-F2A6-4F9D-9725-A4717903AD35}
	EndGlobalSection
	GlobalSection(ExtensibilityGlobals) = postSolution
		SolutionGuid = {4C8C7468-507A-47C9-B746-8B8FCB1E2F5E}
	EndGlobalSection
EndGlobal
